
Microsoft Visual Studio Solution File, Format Version 12.00
# Visual Studio Version 17
VisualStudioVersion = 17.9.34723.18
MinimumVisualStudioVersion = 10.0.40219.1
Project("{FAE04EC0-301F-11D3-BF4B-00C04F79EFBC}") = "TestActions", "TestActions\TestActions.csproj", "{FEC2F131-3F19-4546-8CF2-40DCDED198C5}"
EndProject
Global
	GlobalSection(SolutionConfigurationPlatforms) = preSolution
		Debug|Any CPU = Debug|Any CPU
		Release|Any CPU = Release|Any CPU
	EndGlobalSection
	GlobalSection(ProjectConfigurationPlatforms) = postSolution
		{FEC2F131-3F19-4546-8CF2-40DCDED198C5}.Debug|Any CPU.ActiveCfg = Debug|Any CPU
		{FEC2F131-3F19-4546-8CF2-40DCDED198C5}.Debug|Any CPU.Build.0 = Debug|Any CPU
		{FEC2F131-3F19-4546-8CF2-40DCDED198C5}.Release|Any CPU.ActiveCfg = Release|Any CPU
		{FEC2F131-3F19-4546-8CF2-40DCDED198C5}.Release|Any CPU.Build.0 = Release|Any CPU
	EndGlobalSection
	GlobalSection(SolutionProperties) = preSolution
		HideSolutionNode = FALSE
	EndGlobalSection
	GlobalSection(ExtensibilityGlobals) = postSolution
		SolutionGuid = {20B4B0C6-7B41-44D7-85A6-22EDFA3C59BC}
	EndGlobalSection
EndGlobal
